
Microsoft Visual Studio Solution File, Format Version 12.00
# Visual Studio 15
VisualStudioVersion = 15.0.28307.168
MinimumVisualStudioVersion = 10.0.40219.1
Project("{FAE04EC0-301F-11D3-BF4B-00C04F79EFBC}") = "TestingTask1", "TestingTask1\TestingTask1.csproj", "{D5DC8CB7-C8C3-438E-BCD1-C84FAF228351}"
EndProject
Global
	GlobalSection(SolutionConfigurationPlatforms) = preSolution
		Debug|Any CPU = Debug|Any CPU
		Release|Any CPU = Release|Any CPU
	EndGlobalSection
	GlobalSection(ProjectConfigurationPlatforms) = postSolution
		{D5DC8CB7-C8C3-438E-BCD1-C84FAF228351}.Debug|Any CPU.ActiveCfg = Debug|Any CPU
		{D5DC8CB7-C8C3-438E-BCD1-C84FAF228351}.Debug|Any CPU.Build.0 = Debug|Any CPU
		{D5DC8CB7-C8C3-438E-BCD1-C84FAF228351}.Release|Any CPU.ActiveCfg = Release|Any CPU
		{D5DC8CB7-C8C3-438E-BCD1-C84FAF228351}.Release|Any CPU.Build.0 = Release|Any CPU
	EndGlobalSection
	GlobalSection(SolutionProperties) = preSolution
		HideSolutionNode = FALSE
	EndGlobalSection
	GlobalSection(ExtensibilityGlobals) = postSolution
		SolutionGuid = {68C0E4B2-2106-4DC2-ACAB-6AC8C343DAFA}
	EndGlobalSection
EndGlobal
