
Microsoft Visual Studio Solution File, Format Version 12.00
# Visual Studio 15
VisualStudioVersion = 15.0.28307.168
MinimumVisualStudioVersion = 10.0.40219.1
Project("{FAE04EC0-301F-11D3-BF4B-00C04F79EFBC}") = "Sql1", "Sql1\Sql1.csproj", "{989673C9-35C8-4CDF-96D2-A5C380D9204E}"
EndProject
Global
	GlobalSection(SolutionConfigurationPlatforms) = preSolution
		Debug|Any CPU = Debug|Any CPU
		Release|Any CPU = Release|Any CPU
	EndGlobalSection
	GlobalSection(ProjectConfigurationPlatforms) = postSolution
		{989673C9-35C8-4CDF-96D2-A5C380D9204E}.Debug|Any CPU.ActiveCfg = Debug|Any CPU
		{989673C9-35C8-4CDF-96D2-A5C380D9204E}.Debug|Any CPU.Build.0 = Debug|Any CPU
		{989673C9-35C8-4CDF-96D2-A5C380D9204E}.Release|Any CPU.ActiveCfg = Release|Any CPU
		{989673C9-35C8-4CDF-96D2-A5C380D9204E}.Release|Any CPU.Build.0 = Release|Any CPU
	EndGlobalSection
	GlobalSection(SolutionProperties) = preSolution
		HideSolutionNode = FALSE
	EndGlobalSection
	GlobalSection(ExtensibilityGlobals) = postSolution
		SolutionGuid = {751E2E5E-CABE-4AA0-B1E2-FC6D97CAE39C}
	EndGlobalSection
EndGlobal
