
Microsoft Visual Studio Solution File, Format Version 12.00
# Visual Studio 15
VisualStudioVersion = 15.0.28307.168
MinimumVisualStudioVersion = 10.0.40219.1
Project("{FAE04EC0-301F-11D3-BF4B-00C04F79EFBC}") = "ThreadingV3", "ThreadingV3\ThreadingV3.csproj", "{BC30D250-F674-4D88-9781-A3EB6F10C0B8}"
EndProject
Global
	GlobalSection(SolutionConfigurationPlatforms) = preSolution
		Debug|Any CPU = Debug|Any CPU
		Release|Any CPU = Release|Any CPU
	EndGlobalSection
	GlobalSection(ProjectConfigurationPlatforms) = postSolution
		{BC30D250-F674-4D88-9781-A3EB6F10C0B8}.Debug|Any CPU.ActiveCfg = Debug|Any CPU
		{BC30D250-F674-4D88-9781-A3EB6F10C0B8}.Debug|Any CPU.Build.0 = Debug|Any CPU
		{BC30D250-F674-4D88-9781-A3EB6F10C0B8}.Release|Any CPU.ActiveCfg = Release|Any CPU
		{BC30D250-F674-4D88-9781-A3EB6F10C0B8}.Release|Any CPU.Build.0 = Release|Any CPU
	EndGlobalSection
	GlobalSection(SolutionProperties) = preSolution
		HideSolutionNode = FALSE
	EndGlobalSection
	GlobalSection(ExtensibilityGlobals) = postSolution
		SolutionGuid = {4ED5403C-C21D-4219-B8BD-9B8015AF9F60}
	EndGlobalSection
EndGlobal
