
Microsoft Visual Studio Solution File, Format Version 12.00
# Visual Studio 15
VisualStudioVersion = 15.0.28307.168
MinimumVisualStudioVersion = 10.0.40219.1
Project("{FAE04EC0-301F-11D3-BF4B-00C04F79EFBC}") = "ToBinary", "ToBinary\ToBinary.csproj", "{BCBAFF55-632A-4B0B-90C6-F092CAB305CB}"
EndProject
Global
	GlobalSection(SolutionConfigurationPlatforms) = preSolution
		Debug|Any CPU = Debug|Any CPU
		Release|Any CPU = Release|Any CPU
	EndGlobalSection
	GlobalSection(ProjectConfigurationPlatforms) = postSolution
		{BCBAFF55-632A-4B0B-90C6-F092CAB305CB}.Debug|Any CPU.ActiveCfg = Debug|Any CPU
		{BCBAFF55-632A-4B0B-90C6-F092CAB305CB}.Debug|Any CPU.Build.0 = Debug|Any CPU
		{BCBAFF55-632A-4B0B-90C6-F092CAB305CB}.Release|Any CPU.ActiveCfg = Release|Any CPU
		{BCBAFF55-632A-4B0B-90C6-F092CAB305CB}.Release|Any CPU.Build.0 = Release|Any CPU
	EndGlobalSection
	GlobalSection(SolutionProperties) = preSolution
		HideSolutionNode = FALSE
	EndGlobalSection
	GlobalSection(ExtensibilityGlobals) = postSolution
		SolutionGuid = {48C74170-E2CD-400B-8CD2-E784C6F3624A}
	EndGlobalSection
EndGlobal
