
Microsoft Visual Studio Solution File, Format Version 12.00
# Visual Studio 15
VisualStudioVersion = 15.0.28307.168
MinimumVisualStudioVersion = 10.0.40219.1
Project("{FAE04EC0-301F-11D3-BF4B-00C04F79EFBC}") = "ProgressBar", "ProgressBar\ProgressBar.csproj", "{FAB3F5FB-709B-4E88-BA09-13A746C97980}"
EndProject
Global
	GlobalSection(SolutionConfigurationPlatforms) = preSolution
		Debug|Any CPU = Debug|Any CPU
		Release|Any CPU = Release|Any CPU
	EndGlobalSection
	GlobalSection(ProjectConfigurationPlatforms) = postSolution
		{FAB3F5FB-709B-4E88-BA09-13A746C97980}.Debug|Any CPU.ActiveCfg = Debug|Any CPU
		{FAB3F5FB-709B-4E88-BA09-13A746C97980}.Debug|Any CPU.Build.0 = Debug|Any CPU
		{FAB3F5FB-709B-4E88-BA09-13A746C97980}.Release|Any CPU.ActiveCfg = Release|Any CPU
		{FAB3F5FB-709B-4E88-BA09-13A746C97980}.Release|Any CPU.Build.0 = Release|Any CPU
	EndGlobalSection
	GlobalSection(SolutionProperties) = preSolution
		HideSolutionNode = FALSE
	EndGlobalSection
	GlobalSection(ExtensibilityGlobals) = postSolution
		SolutionGuid = {244F5AF7-B623-4486-ABD4-85A9B28C253D}
	EndGlobalSection
EndGlobal
